
Microsoft Visual Studio Solution File, Format Version 12.00
# Visual Studio Version 16
VisualStudioVersion = 16.0.30320.27
MinimumVisualStudioVersion = 10.0.40219.1
Project("{FAE04EC0-301F-11D3-BF4B-00C04F79EFBC}") = "ArchitectArithmetic", "ArchitectArithmetic\ArchitectArithmetic.csproj", "{9E250A8D-83CF-4252-AC20-26C20CA639DD}"
EndProject
Global
	GlobalSection(SolutionConfigurationPlatforms) = preSolution
		Debug|Any CPU = Debug|Any CPU
		Release|Any CPU = Release|Any CPU
	EndGlobalSection
	GlobalSection(ProjectConfigurationPlatforms) = postSolution
		{9E250A8D-83CF-4252-AC20-26C20CA639DD}.Debug|Any CPU.ActiveCfg = Debug|Any CPU
		{9E250A8D-83CF-4252-AC20-26C20CA639DD}.Debug|Any CPU.Build.0 = Debug|Any CPU
		{9E250A8D-83CF-4252-AC20-26C20CA639DD}.Release|Any CPU.ActiveCfg = Release|Any CPU
		{9E250A8D-83CF-4252-AC20-26C20CA639DD}.Release|Any CPU.Build.0 = Release|Any CPU
	EndGlobalSection
	GlobalSection(SolutionProperties) = preSolution
		HideSolutionNode = FALSE
	EndGlobalSection
	GlobalSection(ExtensibilityGlobals) = postSolution
		SolutionGuid = {B659826D-F6A9-4E77-A2A7-597565758BBB}
	EndGlobalSection
EndGlobal
